
Microsoft Visual Studio Solution File, Format Version 12.00
# Visual Studio Version 16
VisualStudioVersion = 16.0.31624.102
MinimumVisualStudioVersion = 10.0.40219.1
Project("{FAE04EC0-301F-11D3-BF4B-00C04F79EFBC}") = "Exerc.TrilhaEspecialista.COO", "Exerc.TrilhaEspecialista.COO\Exerc.TrilhaEspecialista.COO.csproj", "{00994C83-1CC9-47A0-BFAB-F4962E80E1E7}"
EndProject
Global
	GlobalSection(SolutionConfigurationPlatforms) = preSolution
		Debug|Any CPU = Debug|Any CPU
		Release|Any CPU = Release|Any CPU
	EndGlobalSection
	GlobalSection(ProjectConfigurationPlatforms) = postSolution
		{00994C83-1CC9-47A0-BFAB-F4962E80E1E7}.Debug|Any CPU.ActiveCfg = Debug|Any CPU
		{00994C83-1CC9-47A0-BFAB-F4962E80E1E7}.Debug|Any CPU.Build.0 = Debug|Any CPU
		{00994C83-1CC9-47A0-BFAB-F4962E80E1E7}.Release|Any CPU.ActiveCfg = Release|Any CPU
		{00994C83-1CC9-47A0-BFAB-F4962E80E1E7}.Release|Any CPU.Build.0 = Release|Any CPU
	EndGlobalSection
	GlobalSection(SolutionProperties) = preSolution
		HideSolutionNode = FALSE
	EndGlobalSection
	GlobalSection(ExtensibilityGlobals) = postSolution
		SolutionGuid = {8329B667-3DD9-4B85-8B92-8A26860E31D9}
	EndGlobalSection
EndGlobal
